github.com/airbnb/lottie-web v5.13.0+incompatible h1:plBV5Uq/F1kK0EC61Hr0cBGReI9OgUfd/pp0baoDX8o=
github.com/airbnb/lottie-web v5.13.0+incompatible/go.mod h1:nTss557UK9FGnp8QYlCMO29tjUHwbdAHG/DprbGfHGE=
github.com/gethinode/hinode v1.16.1 h1:Tu0EYmpQhRKu9RlEyw8ygVq//kk01J9lKYZ02QVoMtQ=
github.com/gethinode/hinode v1.16.1/go.mod h1:EBc77Dqi14aMVK6OnX8Fpcw68cGsmKD0uPiqnMPsmbs=
github.com/gethinode/mod-bootstrap v1.3.4 h1:rBfyUmdslxL+RX76/5hyJYPacfrt6OYrciNgk/T0NWk=
github.com/gethinode/mod-bootstrap v1.3.4/go.mod h1:MkvQgiA3N2NFiW57TTU60Rn4N6oZjvlBIVgrJE9M0WI=
github.com/gethinode/mod-katex v1.1.4 h1:HWc45uHKX2JhI624UnA46LCZkLGhSbaq+zAHt9e57zw=
github.com/gethinode/mod-katex v1.1.4/go.mod h1:byAfpI3wuqNJIooTGVEGc1cjBhhCy4+CcK1H6495MYg=
github.com/gethinode/mod-leaflet v1.3.1 h1:nG6lQ7LZ2E/TGok/VGo5FCX+OVoHvxrYszi2FvQimRg=
github.com/gethinode/mod-leaflet v1.3.1/go.mod h1:F/XR1lYKENw91u+IC4NXQT6dbCyJlSJUPClMVpBK8Tw=
github.com/gethinode/mod-lottie v1.6.1 h1:0wkQ7yMiwFvkhzsBoO/RhfKJ7ru2EzoQfYrwnC6qoxg=
github.com/gethinode/mod-lottie v1.6.1/go.mod h1:Buaa3A4fBIE4mkyQhnjMlassQQ5j8gRxQ4QnN7I1oGc=
github.com/hugomods/giscus v0.1.1 h1:Kb8137Cp2nQJPFb6e+CdXy8nyIAJ2dFIymG4bDdaXWI=
github.com/hugomods/giscus v0.1.1/go.mod h1:tCRkqNi/sMsLh3kjDesXZNzf4R/w+b5oc5boS/l8Jtw=
github.com/nextapps-de/flexsearch v0.0.0-20250907103239-defb38b083f0 h1:55phPhe6fDjfjG0jX4+br3nLORKgjgx8abZUdI0YJRA=
github.com/nextapps-de/flexsearch v0.0.0-20250907103239-defb38b083f0/go.mod h1:5GdMfPAXzbA2gXBqTjC6l27kioSYzHlqDMh0+wyx7sU=
github.com/twbs/bootstrap v5.3.8+incompatible h1:eK1fsXP7R/FWFt+sSNmmvUH9usPocf240nWVw7Dh02o=
github.com/twbs/bootstrap v5.3.8+incompatible/go.mod h1:fZTSrkpSf0/HkL0IIJzvVspTt1r9zuf7XlZau8kpcY0=
